
Microsoft Visual Studio Solution File, Format Version 12.00
# Visual Studio 2015
Project("{FAE04EC0-301F-11D3-BF4B-00C04F79EFBC}") = "GUIv2", "GUIv2.csproj", "{A1DC890C-13CF-C30D-2838-CE1EC95EAF72}"
EndProject
Project("{FAE04EC0-301F-11D3-BF4B-00C04F79EFBC}") = "GUIv2.Editor", "GUIv2.Editor.csproj", "{73558A26-C32E-9C54-FAA6-75F80E043D43}"
EndProject
Global
	GlobalSection(SolutionConfigurationPlatforms) = preSolution
		Debug|Any CPU = Debug|Any CPU
		Release|Any CPU = Release|Any CPU
	EndGlobalSection
	GlobalSection(ProjectConfigurationPlatforms) = postSolution
		{A1DC890C-13CF-C30D-2838-CE1EC95EAF72}.Debug|Any CPU.ActiveCfg = Debug|Any CPU
		{A1DC890C-13CF-C30D-2838-CE1EC95EAF72}.Debug|Any CPU.Build.0 = Debug|Any CPU
		{A1DC890C-13CF-C30D-2838-CE1EC95EAF72}.Release|Any CPU.ActiveCfg = Release|Any CPU
		{A1DC890C-13CF-C30D-2838-CE1EC95EAF72}.Release|Any CPU.Build.0 = Release|Any CPU
		{73558A26-C32E-9C54-FAA6-75F80E043D43}.Debug|Any CPU.ActiveCfg = Debug|Any CPU
		{73558A26-C32E-9C54-FAA6-75F80E043D43}.Debug|Any CPU.Build.0 = Debug|Any CPU
		{73558A26-C32E-9C54-FAA6-75F80E043D43}.Release|Any CPU.ActiveCfg = Release|Any CPU
		{73558A26-C32E-9C54-FAA6-75F80E043D43}.Release|Any CPU.Build.0 = Release|Any CPU
	EndGlobalSection
	GlobalSection(SolutionProperties) = preSolution
		HideSolutionNode = FALSE
	EndGlobalSection
EndGlobal
