
Microsoft Visual Studio Solution File, Format Version 12.00
# Visual Studio 2015
Project("{FAE04EC0-301F-11D3-BF4B-00C04F79EFBC}") = "SpatialUnderstandingDemo", "SpatialUnderstandingDemo.csproj", "{0279D491-4202-0A0E-6806-CECF23A6EC43}"
EndProject
Project("{FAE04EC0-301F-11D3-BF4B-00C04F79EFBC}") = "SpatialUnderstandingDemo.Editor", "SpatialUnderstandingDemo.Editor.csproj", "{3EA131C6-10EF-68D0-96C2-1E5DC7C30022}"
EndProject
Global
	GlobalSection(SolutionConfigurationPlatforms) = preSolution
		Debug|Any CPU = Debug|Any CPU
		Release|Any CPU = Release|Any CPU
	EndGlobalSection
	GlobalSection(ProjectConfigurationPlatforms) = postSolution
		{0279D491-4202-0A0E-6806-CECF23A6EC43}.Debug|Any CPU.ActiveCfg = Debug|Any CPU
		{0279D491-4202-0A0E-6806-CECF23A6EC43}.Debug|Any CPU.Build.0 = Debug|Any CPU
		{0279D491-4202-0A0E-6806-CECF23A6EC43}.Release|Any CPU.ActiveCfg = Release|Any CPU
		{0279D491-4202-0A0E-6806-CECF23A6EC43}.Release|Any CPU.Build.0 = Release|Any CPU
		{3EA131C6-10EF-68D0-96C2-1E5DC7C30022}.Debug|Any CPU.ActiveCfg = Debug|Any CPU
		{3EA131C6-10EF-68D0-96C2-1E5DC7C30022}.Debug|Any CPU.Build.0 = Debug|Any CPU
		{3EA131C6-10EF-68D0-96C2-1E5DC7C30022}.Release|Any CPU.ActiveCfg = Release|Any CPU
		{3EA131C6-10EF-68D0-96C2-1E5DC7C30022}.Release|Any CPU.Build.0 = Release|Any CPU
	EndGlobalSection
	GlobalSection(SolutionProperties) = preSolution
		HideSolutionNode = FALSE
	EndGlobalSection
EndGlobal
