
Microsoft Visual Studio Solution File, Format Version 12.00
# Visual Studio 2015
Project("{FAE04EC0-301F-11D3-BF4B-00C04F79EFBC}") = "snapping_test", "snapping_test.csproj", "{6071FFCA-07C5-4941-2AE5-34FEF112B3C0}"
EndProject
Project("{FAE04EC0-301F-11D3-BF4B-00C04F79EFBC}") = "snapping_test.Editor", "snapping_test.Editor.csproj", "{3E4726CB-2565-2083-D513-DD06204A618F}"
EndProject
Global
	GlobalSection(SolutionConfigurationPlatforms) = preSolution
		Debug|Any CPU = Debug|Any CPU
		Release|Any CPU = Release|Any CPU
	EndGlobalSection
	GlobalSection(ProjectConfigurationPlatforms) = postSolution
		{6071FFCA-07C5-4941-2AE5-34FEF112B3C0}.Debug|Any CPU.ActiveCfg = Debug|Any CPU
		{6071FFCA-07C5-4941-2AE5-34FEF112B3C0}.Debug|Any CPU.Build.0 = Debug|Any CPU
		{6071FFCA-07C5-4941-2AE5-34FEF112B3C0}.Release|Any CPU.ActiveCfg = Release|Any CPU
		{6071FFCA-07C5-4941-2AE5-34FEF112B3C0}.Release|Any CPU.Build.0 = Release|Any CPU
		{3E4726CB-2565-2083-D513-DD06204A618F}.Debug|Any CPU.ActiveCfg = Debug|Any CPU
		{3E4726CB-2565-2083-D513-DD06204A618F}.Debug|Any CPU.Build.0 = Debug|Any CPU
		{3E4726CB-2565-2083-D513-DD06204A618F}.Release|Any CPU.ActiveCfg = Release|Any CPU
		{3E4726CB-2565-2083-D513-DD06204A618F}.Release|Any CPU.Build.0 = Release|Any CPU
	EndGlobalSection
	GlobalSection(SolutionProperties) = preSolution
		HideSolutionNode = FALSE
	EndGlobalSection
EndGlobal
